
Microsoft Visual Studio Solution File, Format Version 12.00
# Visual Studio Version 17
VisualStudioVersion = 17.11.35431.28
MinimumVisualStudioVersion = 10.0.40219.1
Project("{9A19103F-16F7-4668-BE54-9A1E7A4F7556}") = "OpenAPIModelGenerator", "src\OpenAPIModelGenerator\OpenAPIModelGenerator.csproj", "{8A94C21F-643B-4481-AF99-EC0323B2A68A}"
EndProject
Project("{9A19103F-16F7-4668-BE54-9A1E7A4F7556}") = "OpenAPIModelCLI", "src\OpenAPIModelCLI\OpenAPIModelCLI.csproj", "{A1E30666-34C8-4FDD-86D7-BBC67E89CA8C}"
EndProject
Global
	GlobalSection(SolutionConfigurationPlatforms) = preSolution
		Debug|Any CPU = Debug|Any CPU
		Release|Any CPU = Release|Any CPU
	EndGlobalSection
	GlobalSection(ProjectConfigurationPlatforms) = postSolution
		{8A94C21F-643B-4481-AF99-EC0323B2A68A}.Debug|Any CPU.ActiveCfg = Debug|Any CPU
		{8A94C21F-643B-4481-AF99-EC0323B2A68A}.Debug|Any CPU.Build.0 = Debug|Any CPU
		{8A94C21F-643B-4481-AF99-EC0323B2A68A}.Release|Any CPU.ActiveCfg = Release|Any CPU
		{8A94C21F-643B-4481-AF99-EC0323B2A68A}.Release|Any CPU.Build.0 = Release|Any CPU
		{A1E30666-34C8-4FDD-86D7-BBC67E89CA8C}.Debug|Any CPU.ActiveCfg = Release|Any CPU
		{A1E30666-34C8-4FDD-86D7-BBC67E89CA8C}.Debug|Any CPU.Build.0 = Release|Any CPU
		{A1E30666-34C8-4FDD-86D7-BBC67E89CA8C}.Release|Any CPU.ActiveCfg = Release|Any CPU
		{A1E30666-34C8-4FDD-86D7-BBC67E89CA8C}.Release|Any CPU.Build.0 = Release|Any CPU
	EndGlobalSection
	GlobalSection(SolutionProperties) = preSolution
		HideSolutionNode = FALSE
	EndGlobalSection
	GlobalSection(ExtensibilityGlobals) = postSolution
		SolutionGuid = {287023CE-5DC4-4F0C-94F1-5AAAE67FA6EE}
	EndGlobalSection
EndGlobal
